
Microsoft Visual Studio Solution File, Format Version 12.00
# Visual Studio Version 17
VisualStudioVersion = 17.0.31903.59
MinimumVisualStudioVersion = 10.0.40219.1
Project("{2150E333-8FDC-42A3-9474-1A3956D46DE8}") = "ClienteService", "ClienteService", "{AFD850C5-6855-2A4D-BFAC-FC4AD3AD276F}"
EndProject
Project("{2150E333-8FDC-42A3-9474-1A3956D46DE8}") = "API", "API", "{CFC6101F-7968-7120-5556-85E7920B82D0}"
EndProject
Project("{FAE04EC0-301F-11D3-BF4B-00C04F79EFBC}") = "ClienteService.API", "ClienteService\API\ClienteService.API.csproj", "{2F300653-AAD2-4C28-8749-22AC28B6E517}"
EndProject
Project("{2150E333-8FDC-42A3-9474-1A3956D46DE8}") = "Application", "Application", "{EEBCEBD4-BFFC-22A8-3647-0F6BE6337D9F}"
EndProject
Project("{FAE04EC0-301F-11D3-BF4B-00C04F79EFBC}") = "ClienteService.Application", "ClienteService\Application\ClienteService.Application.csproj", "{68A89ECC-3CD0-4958-803E-07346B14F5BC}"
EndProject
Project("{2150E333-8FDC-42A3-9474-1A3956D46DE8}") = "Domain", "Domain", "{0C34EFE6-1620-CF40-A006-300F0E45065C}"
EndProject
Project("{FAE04EC0-301F-11D3-BF4B-00C04F79EFBC}") = "ClienteService.Domain", "ClienteService\Domain\ClienteService.Domain.csproj", "{18017224-C4CE-453D-8D83-6278AA75CBDA}"
EndProject
Project("{2150E333-8FDC-42A3-9474-1A3956D46DE8}") = "Infrastructure", "Infrastructure", "{8B29DE99-3240-98EC-70A3-91BE952C8F50}"
EndProject
Project("{FAE04EC0-301F-11D3-BF4B-00C04F79EFBC}") = "ClienteService.Infrastructure", "ClienteService\Infrastructure\ClienteService.Infrastructure.csproj", "{DCC80438-60F1-4D27-AD3C-F56F90A024C6}"
EndProject
Project("{2150E333-8FDC-42A3-9474-1A3956D46DE8}") = "CuentaMovimientoService", "CuentaMovimientoService", "{98D0675E-4C8B-BB5D-6D9C-99524C5A3027}"
EndProject
Project("{2150E333-8FDC-42A3-9474-1A3956D46DE8}") = "API", "API", "{574EF0E8-6B97-F590-2B66-131171534900}"
EndProject
Project("{FAE04EC0-301F-11D3-BF4B-00C04F79EFBC}") = "CuentaMovimientoService.API", "CuentaMovimientoService\API\CuentaMovimientoService.API.csproj", "{971DD5B0-473A-44A8-9917-409D2683D0AB}"
EndProject
Project("{2150E333-8FDC-42A3-9474-1A3956D46DE8}") = "Domain", "Domain", "{8429C4EF-C40A-90F7-8B95-ADEB154106EA}"
EndProject
Project("{FAE04EC0-301F-11D3-BF4B-00C04F79EFBC}") = "CuentaMovimientoService.Domain", "CuentaMovimientoService\Domain\CuentaMovimientoService.Domain.csproj", "{6B5F1B6A-320F-4F53-BD89-F57B71167EE1}"
EndProject
Project("{2150E333-8FDC-42A3-9474-1A3956D46DE8}") = "Application", "Application", "{A066AB4A-0C22-9B0F-8A0C-9516F4CA24E0}"
EndProject
Project("{FAE04EC0-301F-11D3-BF4B-00C04F79EFBC}") = "CuentaMovimientoService.Application", "CuentaMovimientoService\Application\CuentaMovimientoService.Application.csproj", "{97D36117-2195-458E-9CEE-13109EA00935}"
EndProject
Project("{2150E333-8FDC-42A3-9474-1A3956D46DE8}") = "Infrastructure", "Infrastructure", "{FA9D855C-CD71-1D97-B98B-34C8B199878F}"
EndProject
Project("{FAE04EC0-301F-11D3-BF4B-00C04F79EFBC}") = "CuentaMovimientoService.Infrastructure", "CuentaMovimientoService\Infrastructure\CuentaMovimientoService.Infrastructure.csproj", "{FAD7923D-4191-44B9-9494-705D42636860}"
EndProject
Project("{2150E333-8FDC-42A3-9474-1A3956D46DE8}") = "tests", "tests", "{0AB3BF05-4346-4AA6-1389-037BE0695223}"
EndProject
Project("{FAE04EC0-301F-11D3-BF4B-00C04F79EFBC}") = "ClienteService.Tests", "tests\ClienteService.Tests\ClienteService.Tests.csproj", "{AFC37B2D-3F31-41B0-82BC-141C5FEAE958}"
EndProject
Project("{FAE04EC0-301F-11D3-BF4B-00C04F79EFBC}") = "CuentaMovimientoService.Tests", "tests\CuentaMovimientoService.Tests\CuentaMovimientoService.Tests.csproj", "{158FF891-2232-4779-984F-333D1D0DB5F5}"
EndProject
Project("{FAE04EC0-301F-11D3-BF4B-00C04F79EFBC}") = "IntegrationTests", "tests\IntegrationTests\IntegrationTests.csproj", "{F124BB60-2AF6-4EC3-AB3B-FCFD6BBB94E5}"
EndProject
Global
	GlobalSection(SolutionConfigurationPlatforms) = preSolution
		Debug|Any CPU = Debug|Any CPU
		Debug|x64 = Debug|x64
		Debug|x86 = Debug|x86
		Release|Any CPU = Release|Any CPU
		Release|x64 = Release|x64
		Release|x86 = Release|x86
	EndGlobalSection
	GlobalSection(ProjectConfigurationPlatforms) = postSolution
		{2F300653-AAD2-4C28-8749-22AC28B6E517}.Debug|Any CPU.ActiveCfg = Debug|Any CPU
		{2F300653-AAD2-4C28-8749-22AC28B6E517}.Debug|Any CPU.Build.0 = Debug|Any CPU
		{2F300653-AAD2-4C28-8749-22AC28B6E517}.Debug|x64.ActiveCfg = Debug|Any CPU
		{2F300653-AAD2-4C28-8749-22AC28B6E517}.Debug|x64.Build.0 = Debug|Any CPU
		{2F300653-AAD2-4C28-8749-22AC28B6E517}.Debug|x86.ActiveCfg = Debug|Any CPU
		{2F300653-AAD2-4C28-8749-22AC28B6E517}.Debug|x86.Build.0 = Debug|Any CPU
		{2F300653-AAD2-4C28-8749-22AC28B6E517}.Release|Any CPU.ActiveCfg = Release|Any CPU
		{2F300653-AAD2-4C28-8749-22AC28B6E517}.Release|Any CPU.Build.0 = Release|Any CPU
		{2F300653-AAD2-4C28-8749-22AC28B6E517}.Release|x64.ActiveCfg = Release|Any CPU
		{2F300653-AAD2-4C28-8749-22AC28B6E517}.Release|x64.Build.0 = Release|Any CPU
		{2F300653-AAD2-4C28-8749-22AC28B6E517}.Release|x86.ActiveCfg = Release|Any CPU
		{2F300653-AAD2-4C28-8749-22AC28B6E517}.Release|x86.Build.0 = Release|Any CPU
		{68A89ECC-3CD0-4958-803E-07346B14F5BC}.Debug|Any CPU.ActiveCfg = Debug|Any CPU
		{68A89ECC-3CD0-4958-803E-07346B14F5BC}.Debug|Any CPU.Build.0 = Debug|Any CPU
		{68A89ECC-3CD0-4958-803E-07346B14F5BC}.Debug|x64.ActiveCfg = Debug|Any CPU
		{68A89ECC-3CD0-4958-803E-07346B14F5BC}.Debug|x64.Build.0 = Debug|Any CPU
		{68A89ECC-3CD0-4958-803E-07346B14F5BC}.Debug|x86.ActiveCfg = Debug|Any CPU
		{68A89ECC-3CD0-4958-803E-07346B14F5BC}.Debug|x86.Build.0 = Debug|Any CPU
		{68A89ECC-3CD0-4958-803E-07346B14F5BC}.Release|Any CPU.ActiveCfg = Release|Any CPU
		{68A89ECC-3CD0-4958-803E-07346B14F5BC}.Release|Any CPU.Build.0 = Release|Any CPU
		{68A89ECC-3CD0-4958-803E-07346B14F5BC}.Release|x64.ActiveCfg = Release|Any CPU
		{68A89ECC-3CD0-4958-803E-07346B14F5BC}.Release|x64.Build.0 = Release|Any CPU
		{68A89ECC-3CD0-4958-803E-07346B14F5BC}.Release|x86.ActiveCfg = Release|Any CPU
		{68A89ECC-3CD0-4958-803E-07346B14F5BC}.Release|x86.Build.0 = Release|Any CPU
		{18017224-C4CE-453D-8D83-6278AA75CBDA}.Debug|Any CPU.ActiveCfg = Debug|Any CPU
		{18017224-C4CE-453D-8D83-6278AA75CBDA}.Debug|Any CPU.Build.0 = Debug|Any CPU
		{18017224-C4CE-453D-8D83-6278AA75CBDA}.Debug|x64.ActiveCfg = Debug|Any CPU
		{18017224-C4CE-453D-8D83-6278AA75CBDA}.Debug|x64.Build.0 = Debug|Any CPU
		{18017224-C4CE-453D-8D83-6278AA75CBDA}.Debug|x86.ActiveCfg = Debug|Any CPU
		{18017224-C4CE-453D-8D83-6278AA75CBDA}.Debug|x86.Build.0 = Debug|Any CPU
		{18017224-C4CE-453D-8D83-6278AA75CBDA}.Release|Any CPU.ActiveCfg = Release|Any CPU
		{18017224-C4CE-453D-8D83-6278AA75CBDA}.Release|Any CPU.Build.0 = Release|Any CPU
		{18017224-C4CE-453D-8D83-6278AA75CBDA}.Release|x64.ActiveCfg = Release|Any CPU
		{18017224-C4CE-453D-8D83-6278AA75CBDA}.Release|x64.Build.0 = Release|Any CPU
		{18017224-C4CE-453D-8D83-6278AA75CBDA}.Release|x86.ActiveCfg = Release|Any CPU
		{18017224-C4CE-453D-8D83-6278AA75CBDA}.Release|x86.Build.0 = Release|Any CPU
		{DCC80438-60F1-4D27-AD3C-F56F90A024C6}.Debug|Any CPU.ActiveCfg = Debug|Any CPU
		{DCC80438-60F1-4D27-AD3C-F56F90A024C6}.Debug|Any CPU.Build.0 = Debug|Any CPU
		{DCC80438-60F1-4D27-AD3C-F56F90A024C6}.Debug|x64.ActiveCfg = Debug|Any CPU
		{DCC80438-60F1-4D27-AD3C-F56F90A024C6}.Debug|x64.Build.0 = Debug|Any CPU
		{DCC80438-60F1-4D27-AD3C-F56F90A024C6}.Debug|x86.ActiveCfg = Debug|Any CPU
		{DCC80438-60F1-4D27-AD3C-F56F90A024C6}.Debug|x86.Build.0 = Debug|Any CPU
		{DCC80438-60F1-4D27-AD3C-F56F90A024C6}.Release|Any CPU.ActiveCfg = Release|Any CPU
		{DCC80438-60F1-4D27-AD3C-F56F90A024C6}.Release|Any CPU.Build.0 = Release|Any CPU
		{DCC80438-60F1-4D27-AD3C-F56F90A024C6}.Release|x64.ActiveCfg = Release|Any CPU
		{DCC80438-60F1-4D27-AD3C-F56F90A024C6}.Release|x64.Build.0 = Release|Any CPU
		{DCC80438-60F1-4D27-AD3C-F56F90A024C6}.Release|x86.ActiveCfg = Release|Any CPU
		{DCC80438-60F1-4D27-AD3C-F56F90A024C6}.Release|x86.Build.0 = Release|Any CPU
		{971DD5B0-473A-44A8-9917-409D2683D0AB}.Debug|Any CPU.ActiveCfg = Debug|Any CPU
		{971DD5B0-473A-44A8-9917-409D2683D0AB}.Debug|Any CPU.Build.0 = Debug|Any CPU
		{971DD5B0-473A-44A8-9917-409D2683D0AB}.Debug|x64.ActiveCfg = Debug|Any CPU
		{971DD5B0-473A-44A8-9917-409D2683D0AB}.Debug|x64.Build.0 = Debug|Any CPU
		{971DD5B0-473A-44A8-9917-409D2683D0AB}.Debug|x86.ActiveCfg = Debug|Any CPU
		{971DD5B0-473A-44A8-9917-409D2683D0AB}.Debug|x86.Build.0 = Debug|Any CPU
		{971DD5B0-473A-44A8-9917-409D2683D0AB}.Release|Any CPU.ActiveCfg = Release|Any CPU
		{971DD5B0-473A-44A8-9917-409D2683D0AB}.Release|Any CPU.Build.0 = Release|Any CPU
		{971DD5B0-473A-44A8-9917-409D2683D0AB}.Release|x64.ActiveCfg = Release|Any CPU
		{971DD5B0-473A-44A8-9917-409D2683D0AB}.Release|x64.Build.0 = Release|Any CPU
		{971DD5B0-473A-44A8-9917-409D2683D0AB}.Release|x86.ActiveCfg = Release|Any CPU
		{971DD5B0-473A-44A8-9917-409D2683D0AB}.Release|x86.Build.0 = Release|Any CPU
		{6B5F1B6A-320F-4F53-BD89-F57B71167EE1}.Debug|Any CPU.ActiveCfg = Debug|Any CPU
		{6B5F1B6A-320F-4F53-BD89-F57B71167EE1}.Debug|Any CPU.Build.0 = Debug|Any CPU
		{6B5F1B6A-320F-4F53-BD89-F57B71167EE1}.Debug|x64.ActiveCfg = Debug|Any CPU
		{6B5F1B6A-320F-4F53-BD89-F57B71167EE1}.Debug|x64.Build.0 = Debug|Any CPU
		{6B5F1B6A-320F-4F53-BD89-F57B71167EE1}.Debug|x86.ActiveCfg = Debug|Any CPU
		{6B5F1B6A-320F-4F53-BD89-F57B71167EE1}.Debug|x86.Build.0 = Debug|Any CPU
		{6B5F1B6A-320F-4F53-BD89-F57B71167EE1}.Release|Any CPU.ActiveCfg = Release|Any CPU
		{6B5F1B6A-320F-4F53-BD89-F57B71167EE1}.Release|Any CPU.Build.0 = Release|Any CPU
		{6B5F1B6A-320F-4F53-BD89-F57B71167EE1}.Release|x64.ActiveCfg = Release|Any CPU
		{6B5F1B6A-320F-4F53-BD89-F57B71167EE1}.Release|x64.Build.0 = Release|Any CPU
		{6B5F1B6A-320F-4F53-BD89-F57B71167EE1}.Release|x86.ActiveCfg = Release|Any CPU
		{6B5F1B6A-320F-4F53-BD89-F57B71167EE1}.Release|x86.Build.0 = Release|Any CPU
		{97D36117-2195-458E-9CEE-13109EA00935}.Debug|Any CPU.ActiveCfg = Debug|Any CPU
		{97D36117-2195-458E-9CEE-13109EA00935}.Debug|Any CPU.Build.0 = Debug|Any CPU
		{97D36117-2195-458E-9CEE-13109EA00935}.Debug|x64.ActiveCfg = Debug|Any CPU
		{97D36117-2195-458E-9CEE-13109EA00935}.Debug|x64.Build.0 = Debug|Any CPU
		{97D36117-2195-458E-9CEE-13109EA00935}.Debug|x86.ActiveCfg = Debug|Any CPU
		{97D36117-2195-458E-9CEE-13109EA00935}.Debug|x86.Build.0 = Debug|Any CPU
		{97D36117-2195-458E-9CEE-13109EA00935}.Release|Any CPU.ActiveCfg = Release|Any CPU
		{97D36117-2195-458E-9CEE-13109EA00935}.Release|Any CPU.Build.0 = Release|Any CPU
		{97D36117-2195-458E-9CEE-13109EA00935}.Release|x64.ActiveCfg = Release|Any CPU
		{97D36117-2195-458E-9CEE-13109EA00935}.Release|x64.Build.0 = Release|Any CPU
		{97D36117-2195-458E-9CEE-13109EA00935}.Release|x86.ActiveCfg = Release|Any CPU
		{97D36117-2195-458E-9CEE-13109EA00935}.Release|x86.Build.0 = Release|Any CPU
		{FAD7923D-4191-44B9-9494-705D42636860}.Debug|Any CPU.ActiveCfg = Debug|Any CPU
		{FAD7923D-4191-44B9-9494-705D42636860}.Debug|Any CPU.Build.0 = Debug|Any CPU
		{FAD7923D-4191-44B9-9494-705D42636860}.Debug|x64.ActiveCfg = Debug|Any CPU
		{FAD7923D-4191-44B9-9494-705D42636860}.Debug|x64.Build.0 = Debug|Any CPU
		{FAD7923D-4191-44B9-9494-705D42636860}.Debug|x86.ActiveCfg = Debug|Any CPU
		{FAD7923D-4191-44B9-9494-705D42636860}.Debug|x86.Build.0 = Debug|Any CPU
		{FAD7923D-4191-44B9-9494-705D42636860}.Release|Any CPU.ActiveCfg = Release|Any CPU
		{FAD7923D-4191-44B9-9494-705D42636860}.Release|Any CPU.Build.0 = Release|Any CPU
		{FAD7923D-4191-44B9-9494-705D42636860}.Release|x64.ActiveCfg = Release|Any CPU
		{FAD7923D-4191-44B9-9494-705D42636860}.Release|x64.Build.0 = Release|Any CPU
		{FAD7923D-4191-44B9-9494-705D42636860}.Release|x86.ActiveCfg = Release|Any CPU
		{FAD7923D-4191-44B9-9494-705D42636860}.Release|x86.Build.0 = Release|Any CPU
		{AFC37B2D-3F31-41B0-82BC-141C5FEAE958}.Debug|Any CPU.ActiveCfg = Debug|Any CPU
		{AFC37B2D-3F31-41B0-82BC-141C5FEAE958}.Debug|Any CPU.Build.0 = Debug|Any CPU
		{AFC37B2D-3F31-41B0-82BC-141C5FEAE958}.Debug|x64.ActiveCfg = Debug|Any CPU
		{AFC37B2D-3F31-41B0-82BC-141C5FEAE958}.Debug|x64.Build.0 = Debug|Any CPU
		{AFC37B2D-3F31-41B0-82BC-141C5FEAE958}.Debug|x86.ActiveCfg = Debug|Any CPU
		{AFC37B2D-3F31-41B0-82BC-141C5FEAE958}.Debug|x86.Build.0 = Debug|Any CPU
		{AFC37B2D-3F31-41B0-82BC-141C5FEAE958}.Release|Any CPU.ActiveCfg = Release|Any CPU
		{AFC37B2D-3F31-41B0-82BC-141C5FEAE958}.Release|Any CPU.Build.0 = Release|Any CPU
		{AFC37B2D-3F31-41B0-82BC-141C5FEAE958}.Release|x64.ActiveCfg = Release|Any CPU
		{AFC37B2D-3F31-41B0-82BC-141C5FEAE958}.Release|x64.Build.0 = Release|Any CPU
		{AFC37B2D-3F31-41B0-82BC-141C5FEAE958}.Release|x86.ActiveCfg = Release|Any CPU
		{AFC37B2D-3F31-41B0-82BC-141C5FEAE958}.Release|x86.Build.0 = Release|Any CPU
		{158FF891-2232-4779-984F-333D1D0DB5F5}.Debug|Any CPU.ActiveCfg = Debug|Any CPU
		{158FF891-2232-4779-984F-333D1D0DB5F5}.Debug|Any CPU.Build.0 = Debug|Any CPU
		{158FF891-2232-4779-984F-333D1D0DB5F5}.Debug|x64.ActiveCfg = Debug|Any CPU
		{158FF891-2232-4779-984F-333D1D0DB5F5}.Debug|x64.Build.0 = Debug|Any CPU
		{158FF891-2232-4779-984F-333D1D0DB5F5}.Debug|x86.ActiveCfg = Debug|Any CPU
		{158FF891-2232-4779-984F-333D1D0DB5F5}.Debug|x86.Build.0 = Debug|Any CPU
		{158FF891-2232-4779-984F-333D1D0DB5F5}.Release|Any CPU.ActiveCfg = Release|Any CPU
		{158FF891-2232-4779-984F-333D1D0DB5F5}.Release|Any CPU.Build.0 = Release|Any CPU
		{158FF891-2232-4779-984F-333D1D0DB5F5}.Release|x64.ActiveCfg = Release|Any CPU
		{158FF891-2232-4779-984F-333D1D0DB5F5}.Release|x64.Build.0 = Release|Any CPU
		{158FF891-2232-4779-984F-333D1D0DB5F5}.Release|x86.ActiveCfg = Release|Any CPU
		{158FF891-2232-4779-984F-333D1D0DB5F5}.Release|x86.Build.0 = Release|Any CPU
		{F124BB60-2AF6-4EC3-AB3B-FCFD6BBB94E5}.Debug|Any CPU.ActiveCfg = Debug|Any CPU
		{F124BB60-2AF6-4EC3-AB3B-FCFD6BBB94E5}.Debug|Any CPU.Build.0 = Debug|Any CPU
		{F124BB60-2AF6-4EC3-AB3B-FCFD6BBB94E5}.Debug|x64.ActiveCfg = Debug|Any CPU
		{F124BB60-2AF6-4EC3-AB3B-FCFD6BBB94E5}.Debug|x64.Build.0 = Debug|Any CPU
		{F124BB60-2AF6-4EC3-AB3B-FCFD6BBB94E5}.Debug|x86.ActiveCfg = Debug|Any CPU
		{F124BB60-2AF6-4EC3-AB3B-FCFD6BBB94E5}.Debug|x86.Build.0 = Debug|Any CPU
		{F124BB60-2AF6-4EC3-AB3B-FCFD6BBB94E5}.Release|Any CPU.ActiveCfg = Release|Any CPU
		{F124BB60-2AF6-4EC3-AB3B-FCFD6BBB94E5}.Release|Any CPU.Build.0 = Release|Any CPU
		{F124BB60-2AF6-4EC3-AB3B-FCFD6BBB94E5}.Release|x64.ActiveCfg = Release|Any CPU
		{F124BB60-2AF6-4EC3-AB3B-FCFD6BBB94E5}.Release|x64.Build.0 = Release|Any CPU
		{F124BB60-2AF6-4EC3-AB3B-FCFD6BBB94E5}.Release|x86.ActiveCfg = Release|Any CPU
		{F124BB60-2AF6-4EC3-AB3B-FCFD6BBB94E5}.Release|x86.Build.0 = Release|Any CPU
	EndGlobalSection
	GlobalSection(SolutionProperties) = preSolution
		HideSolutionNode = FALSE
	EndGlobalSection
	GlobalSection(NestedProjects) = preSolution
		{CFC6101F-7968-7120-5556-85E7920B82D0} = {AFD850C5-6855-2A4D-BFAC-FC4AD3AD276F}
		{2F300653-AAD2-4C28-8749-22AC28B6E517} = {CFC6101F-7968-7120-5556-85E7920B82D0}
		{EEBCEBD4-BFFC-22A8-3647-0F6BE6337D9F} = {AFD850C5-6855-2A4D-BFAC-FC4AD3AD276F}
		{68A89ECC-3CD0-4958-803E-07346B14F5BC} = {EEBCEBD4-BFFC-22A8-3647-0F6BE6337D9F}
		{0C34EFE6-1620-CF40-A006-300F0E45065C} = {AFD850C5-6855-2A4D-BFAC-FC4AD3AD276F}
		{18017224-C4CE-453D-8D83-6278AA75CBDA} = {0C34EFE6-1620-CF40-A006-300F0E45065C}
		{8B29DE99-3240-98EC-70A3-91BE952C8F50} = {AFD850C5-6855-2A4D-BFAC-FC4AD3AD276F}
		{DCC80438-60F1-4D27-AD3C-F56F90A024C6} = {8B29DE99-3240-98EC-70A3-91BE952C8F50}
		{574EF0E8-6B97-F590-2B66-131171534900} = {98D0675E-4C8B-BB5D-6D9C-99524C5A3027}
		{971DD5B0-473A-44A8-9917-409D2683D0AB} = {574EF0E8-6B97-F590-2B66-131171534900}
		{8429C4EF-C40A-90F7-8B95-ADEB154106EA} = {98D0675E-4C8B-BB5D-6D9C-99524C5A3027}
		{6B5F1B6A-320F-4F53-BD89-F57B71167EE1} = {8429C4EF-C40A-90F7-8B95-ADEB154106EA}
		{A066AB4A-0C22-9B0F-8A0C-9516F4CA24E0} = {98D0675E-4C8B-BB5D-6D9C-99524C5A3027}
		{97D36117-2195-458E-9CEE-13109EA00935} = {A066AB4A-0C22-9B0F-8A0C-9516F4CA24E0}
		{FA9D855C-CD71-1D97-B98B-34C8B199878F} = {98D0675E-4C8B-BB5D-6D9C-99524C5A3027}
		{FAD7923D-4191-44B9-9494-705D42636860} = {FA9D855C-CD71-1D97-B98B-34C8B199878F}
		{AFC37B2D-3F31-41B0-82BC-141C5FEAE958} = {0AB3BF05-4346-4AA6-1389-037BE0695223}
		{158FF891-2232-4779-984F-333D1D0DB5F5} = {0AB3BF05-4346-4AA6-1389-037BE0695223}
		{F124BB60-2AF6-4EC3-AB3B-FCFD6BBB94E5} = {0AB3BF05-4346-4AA6-1389-037BE0695223}
	EndGlobalSection
EndGlobal
